// !$*UTF8*$!
{
	archiveVersion = 1;
	classes = {
	};
	objectVersion = 46;
	objects = {

/* Begin PBXBuildFile section */
		220BEBFB2089F832000DB6CB /* PlayVC.swift in Sources */ = {isa = PBXBuildFile; fileRef = 220BEBFA2089F832000DB6CB /* PlayVC.swift */; };
		220BEBFD2089F9E6000DB6CB /* Puzzle.swift in Sources */ = {isa = PBXBuildFile; fileRef = 220BEBFC2089F9E6000DB6CB /* Puzzle.swift */; };
		223F97A820656E1200685F62 /* AppDelegate.swift in Sources */ = {isa = PBXBuildFile; fileRef = 223F97A720656E1200685F62 /* AppDelegate.swift */; };
		223F97AA20656F6900685F62 /* SignupViewController.swift in Sources */ = {isa = PBXBuildFile; fileRef = 223F97A920656F6900685F62 /* SignupViewController.swift */; };
		2246D9652095B3CC00059227 /* RewardVC.swift in Sources */ = {isa = PBXBuildFile; fileRef = 2246D9642095B3CC00059227 /* RewardVC.swift */; };
		2253A48820788CDA008DE8FB /* FrontViewCell.swift in Sources */ = {isa = PBXBuildFile; fileRef = 2253A48620788CDA008DE8FB /* FrontViewCell.swift */; };
		2253A48920788CDA008DE8FB /* FrontViewController.swift in Sources */ = {isa = PBXBuildFile; fileRef = 2253A48720788CDA008DE8FB /* FrontViewController.swift */; };
		2253A48B20788D94008DE8FB /* Hunts.json in Resources */ = {isa = PBXBuildFile; fileRef = 2253A48A20788D94008DE8FB /* Hunts.json */; };
		2253A48D20788F14008DE8FB /* UserInfo.swift in Sources */ = {isa = PBXBuildFile; fileRef = 2253A48C20788F14008DE8FB /* UserInfo.swift */; };
		227F8062206F2494000C4B5E /* GoogleService-Info.plist in Resources */ = {isa = PBXBuildFile; fileRef = 227F8061206F2494000C4B5E /* GoogleService-Info.plist */; };
		2298D86C1EE08658007F1173 /* Main.storyboard in Resources */ = {isa = PBXBuildFile; fileRef = 2298D86A1EE08658007F1173 /* Main.storyboard */; };
		2298D86E1EE08658007F1173 /* Assets.xcassets in Resources */ = {isa = PBXBuildFile; fileRef = 2298D86D1EE08658007F1173 /* Assets.xcassets */; };
		2298D8711EE08659007F1173 /* LaunchScreen.storyboard in Resources */ = {isa = PBXBuildFile; fileRef = 2298D86F1EE08659007F1173 /* LaunchScreen.storyboard */; };
		2298D88D1EE0879F007F1173 /* Extensions.swift in Sources */ = {isa = PBXBuildFile; fileRef = 2298D87F1EE0879F007F1173 /* Extensions.swift */; };
		2298D8911EE0879F007F1173 /* LoginVC.swift in Sources */ = {isa = PBXBuildFile; fileRef = 2298D8831EE0879F007F1173 /* LoginVC.swift */; };
		2298D8921EE0879F007F1173 /* MessageBox.swift in Sources */ = {isa = PBXBuildFile; fileRef = 2298D8841EE0879F007F1173 /* MessageBox.swift */; };
		22C976A4209D7BAC001EE3F5 /* ScoreViewController.swift in Sources */ = {isa = PBXBuildFile; fileRef = 22C976A3209D7BAC001EE3F5 /* ScoreViewController.swift */; };
		82DF7ACC55F754E463E3BD26 /* Pods_ScavengerHunt.framework in Frameworks */ = {isa = PBXBuildFile; fileRef = BC15BB93C63CAA29FBE5E132 /* Pods_ScavengerHunt.framework */; };
/* End PBXBuildFile section */

/* Begin PBXFileReference section */
		220BEBFA2089F832000DB6CB /* PlayVC.swift */ = {isa = PBXFileReference; fileEncoding = 4; lastKnownFileType = sourcecode.swift; path = PlayVC.swift; sourceTree = "<group>"; };
		220BEBFC2089F9E6000DB6CB /* Puzzle.swift */ = {isa = PBXFileReference; fileEncoding = 4; lastKnownFileType = sourcecode.swift; path = Puzzle.swift; sourceTree = "<group>"; };
		223F97A720656E1200685F62 /* AppDelegate.swift */ = {isa = PBXFileReference; lastKnownFileType = sourcecode.swift; path = AppDelegate.swift; sourceTree = "<group>"; };
		223F97A920656F6900685F62 /* SignupViewController.swift */ = {isa = PBXFileReference; fileEncoding = 4; lastKnownFileType = sourcecode.swift; path = SignupViewController.swift; sourceTree = "<group>"; };
		2246D9642095B3CC00059227 /* RewardVC.swift */ = {isa = PBXFileReference; fileEncoding = 4; lastKnownFileType = sourcecode.swift; path = RewardVC.swift; sourceTree = "<group>"; };
		2253A48620788CDA008DE8FB /* FrontViewCell.swift */ = {isa = PBXFileReference; fileEncoding = 4; lastKnownFileType = sourcecode.swift; path = FrontViewCell.swift; sourceTree = "<group>"; };
		2253A48720788CDA008DE8FB /* FrontViewController.swift */ = {isa = PBXFileReference; fileEncoding = 4; lastKnownFileType = sourcecode.swift; path = FrontViewController.swift; sourceTree = "<group>"; };
		2253A48A20788D94008DE8FB /* Hunts.json */ = {isa = PBXFileReference; fileEncoding = 4; lastKnownFileType = text.json; path = Hunts.json; sourceTree = "<group>"; };
		2253A48C20788F14008DE8FB /* UserInfo.swift */ = {isa = PBXFileReference; fileEncoding = 4; lastKnownFileType = sourcecode.swift; path = UserInfo.swift; sourceTree = "<group>"; };
		227F8061206F2494000C4B5E /* GoogleService-Info.plist */ = {isa = PBXFileReference; fileEncoding = 4; lastKnownFileType = text.plist.xml; path = "GoogleService-Info.plist"; sourceTree = "<group>"; };
		2298D8631EE08658007F1173 /* ScavengerHunt.app */ = {isa = PBXFileReference; explicitFileType = wrapper.application; includeInIndex = 0; path = ScavengerHunt.app; sourceTree = BUILT_PRODUCTS_DIR; };
		2298D86B1EE08658007F1173 /* Base */ = {isa = PBXFileReference; lastKnownFileType = file.storyboard; name = Base; path = Base.lproj/Main.storyboard; sourceTree = "<group>"; };
		2298D86D1EE08658007F1173 /* Assets.xcassets */ = {isa = PBXFileReference; lastKnownFileType = folder.assetcatalog; path = Assets.xcassets; sourceTree = "<group>"; };
		2298D8701EE08659007F1173 /* Base */ = {isa = PBXFileReference; lastKnownFileType = file.storyboard; name = Base; path = Base.lproj/LaunchScreen.storyboard; sourceTree = "<group>"; };
		2298D8721EE08659007F1173 /* Info.plist */ = {isa = PBXFileReference; lastKnownFileType = text.plist.xml; path = Info.plist; sourceTree = "<group>"; };
		2298D87F1EE0879F007F1173 /* Extensions.swift */ = {isa = PBXFileReference; fileEncoding = 4; lastKnownFileType = sourcecode.swift; path = Extensions.swift; sourceTree = "<group>"; };
		2298D8831EE0879F007F1173 /* LoginVC.swift */ = {isa = PBXFileReference; fileEncoding = 4; lastKnownFileType = sourcecode.swift; path = LoginVC.swift; sourceTree = "<group>"; };
		2298D8841EE0879F007F1173 /* MessageBox.swift */ = {isa = PBXFileReference; fileEncoding = 4; lastKnownFileType = sourcecode.swift; path = MessageBox.swift; sourceTree = "<group>"; };
		22C976A3209D7BAC001EE3F5 /* ScoreViewController.swift */ = {isa = PBXFileReference; lastKnownFileType = sourcecode.swift; path = ScoreViewController.swift; sourceTree = "<group>"; };
		521B734DD218DE773C9CB3B9 /* Pods-ScavengerHunt.debug.xcconfig */ = {isa = PBXFileReference; includeInIndex = 1; lastKnownFileType = text.xcconfig; name = "Pods-ScavengerHunt.debug.xcconfig"; path = "Pods/Target Support Files/Pods-ScavengerHunt/Pods-ScavengerHunt.debug.xcconfig"; sourceTree = "<group>"; };
		BC15BB93C63CAA29FBE5E132 /* Pods_ScavengerHunt.framework */ = {isa = PBXFileReference; explicitFileType = wrapper.framework; includeInIndex = 0; path = Pods_ScavengerHunt.framework; sourceTree = BUILT_PRODUCTS_DIR; };
		BE0FAC6F15244AA7B0E34FF7 /* Pods-ScavengerHunt.release.xcconfig */ = {isa = PBXFileReference; includeInIndex = 1; lastKnownFileType = text.xcconfig; name = "Pods-ScavengerHunt.release.xcconfig"; path = "Pods/Target Support Files/Pods-ScavengerHunt/Pods-ScavengerHunt.release.xcconfig"; sourceTree = "<group>"; };
/* End PBXFileReference section */

/* Begin PBXFrameworksBuildPhase section */
		2298D8601EE08658007F1173 /* Frameworks */ = {
			isa = PBXFrameworksBuildPhase;
			buildActionMask = 2147483647;
			files = (
				82DF7ACC55F754E463E3BD26 /* Pods_ScavengerHunt.framework in Frameworks */,
			);
			runOnlyForDeploymentPostprocessing = 0;
		};
/* End PBXFrameworksBuildPhase section */

/* Begin PBXGroup section */
		2298D85A1EE08658007F1173 = {
			isa = PBXGroup;
			children = (
				2298D8651EE08658007F1173 /* ScavengerHunt */,
				2298D8641EE08658007F1173 /* Products */,
				522CCBF9BFB10F6A5DB9938D /* Pods */,
				72AD0F4B13BB4EA07A0B596F /* Frameworks */,
			);
			sourceTree = "<group>";
		};
		2298D8641EE08658007F1173 /* Products */ = {
			isa = PBXGroup;
			children = (
				2298D8631EE08658007F1173 /* ScavengerHunt.app */,
			);
			name = Products;
			sourceTree = "<group>";
		};
		2298D8651EE08658007F1173 /* ScavengerHunt */ = {
			isa = PBXGroup;
			children = (
				227F8061206F2494000C4B5E /* GoogleService-Info.plist */,
				220BEBFC2089F9E6000DB6CB /* Puzzle.swift */,
				220BEBFA2089F832000DB6CB /* PlayVC.swift */,
				223F97A920656F6900685F62 /* SignupViewController.swift */,
				2246D9642095B3CC00059227 /* RewardVC.swift */,
				2298D86A1EE08658007F1173 /* Main.storyboard */,
				2298D86D1EE08658007F1173 /* Assets.xcassets */,
				2298D86F1EE08659007F1173 /* LaunchScreen.storyboard */,
				2253A48620788CDA008DE8FB /* FrontViewCell.swift */,
				2253A48720788CDA008DE8FB /* FrontViewController.swift */,
				2298D8721EE08659007F1173 /* Info.plist */,
				2298D87F1EE0879F007F1173 /* Extensions.swift */,
				2298D8831EE0879F007F1173 /* LoginVC.swift */,
				2298D8841EE0879F007F1173 /* MessageBox.swift */,
				223F97A720656E1200685F62 /* AppDelegate.swift */,
				2253A48A20788D94008DE8FB /* Hunts.json */,
				2253A48C20788F14008DE8FB /* UserInfo.swift */,
				22C976A3209D7BAC001EE3F5 /* ScoreViewController.swift */,
			);
			path = ScavengerHunt;
			sourceTree = "<group>";
		};
		522CCBF9BFB10F6A5DB9938D /* Pods */ = {
			isa = PBXGroup;
			children = (
				521B734DD218DE773C9CB3B9 /* Pods-ScavengerHunt.debug.xcconfig */,
				BE0FAC6F15244AA7B0E34FF7 /* Pods-ScavengerHunt.release.xcconfig */,
			);
			name = Pods;
			sourceTree = "<group>";
		};
		72AD0F4B13BB4EA07A0B596F /* Frameworks */ = {
			isa = PBXGroup;
			children = (
				BC15BB93C63CAA29FBE5E132 /* Pods_ScavengerHunt.framework */,
			);
			name = Frameworks;
			sourceTree = "<group>";
		};
/* End PBXGroup section */

/* Begin PBXNativeTarget section */
		2298D8621EE08658007F1173 /* ScavengerHunt */ = {
			isa = PBXNativeTarget;
			buildConfigurationList = 2298D8751EE08659007F1173 /* Build configuration list for PBXNativeTarget "ScavengerHunt" */;
			buildPhases = (
				DB5119A0B19E5D6DA0FA4EE5 /* [CP] Check Pods Manifest.lock */,
				2298D85F1EE08658007F1173 /* Sources */,
				2298D8601EE08658007F1173 /* Frameworks */,
				2298D8611EE08658007F1173 /* Resources */,
				24EFB321CB177864BD2788A1 /* [CP] Embed Pods Frameworks */,
				E8DC846B29ECDE5F9CAFF8BF /* [CP] Copy Pods Resources */,
			);
			buildRules = (
			);
			dependencies = (
			);
			name = ScavengerHunt;
			productName = ScavengerHunt;
			productReference = 2298D8631EE08658007F1173 /* ScavengerHunt.app */;
			productType = "com.apple.product-type.application";
		};
/* End PBXNativeTarget section */

/* Begin PBXProject section */
		2298D85B1EE08658007F1173 /* Project object */ = {
			isa = PBXProject;
			attributes = {
				LastSwiftUpdateCheck = 0830;
				LastUpgradeCheck = 0930;
				ORGANIZATIONNAME = Salman;
				TargetAttributes = {
					2298D8621EE08658007F1173 = {
						CreatedOnToolsVersion = 8.3.2;
						DevelopmentTeam = UD8YNH949X;
						LastSwiftMigration = 0930;
						ProvisioningStyle = Automatic;
					};
				};
			};
			buildConfigurationList = 2298D85E1EE08658007F1173 /* Build configuration list for PBXProject "ScavengerHunt" */;
			compatibilityVersion = "Xcode 3.2";
			developmentRegion = English;
			hasScannedForEncodings = 0;
			knownRegions = (
				en,
				Base,
			);
			mainGroup = 2298D85A1EE08658007F1173;
			productRefGroup = 2298D8641EE08658007F1173 /* Products */;
			projectDirPath = "";
			projectRoot = "";
			targets = (
				2298D8621EE08658007F1173 /* ScavengerHunt */,
			);
		};
/* End PBXProject section */

/* Begin PBXResourcesBuildPhase section */
		2298D8611EE08658007F1173 /* Resources */ = {
			isa = PBXResourcesBuildPhase;
			buildActionMask = 2147483647;
			files = (
				2298D8711EE08659007F1173 /* LaunchScreen.storyboard in Resources */,
				227F8062206F2494000C4B5E /* GoogleService-Info.plist in Resources */,
				2298D86E1EE08658007F1173 /* Assets.xcassets in Resources */,
				2253A48B20788D94008DE8FB /* Hunts.json in Resources */,
				2298D86C1EE08658007F1173 /* Main.storyboard in Resources */,
			);
			runOnlyForDeploymentPostprocessing = 0;
		};
/* End PBXResourcesBuildPhase section */

/* Begin PBXShellScriptBuildPhase section */
		24EFB321CB177864BD2788A1 /* [CP] Embed Pods Frameworks */ = {
			isa = PBXShellScriptBuildPhase;
			buildActionMask = 2147483647;
			files = (
			);
			inputPaths = (
				"${SRCROOT}/Pods/Target Support Files/Pods-ScavengerHunt/Pods-ScavengerHunt-frameworks.sh",
				"${BUILT_PRODUCTS_DIR}/GTMSessionFetcher/GTMSessionFetcher.framework",
				"${BUILT_PRODUCTS_DIR}/GoogleToolboxForMac/GoogleToolboxForMac.framework",
				"${BUILT_PRODUCTS_DIR}/TTGSnackbar/TTGSnackbar.framework",
				"${BUILT_PRODUCTS_DIR}/leveldb-library/leveldb.framework",
				"${BUILT_PRODUCTS_DIR}/nanopb/nanopb.framework",
			);
			name = "[CP] Embed Pods Frameworks";
			outputPaths = (
				"${TARGET_BUILD_DIR}/${FRAMEWORKS_FOLDER_PATH}/GTMSessionFetcher.framework",
				"${TARGET_BUILD_DIR}/${FRAMEWORKS_FOLDER_PATH}/GoogleToolboxForMac.framework",
				"${TARGET_BUILD_DIR}/${FRAMEWORKS_FOLDER_PATH}/TTGSnackbar.framework",
				"${TARGET_BUILD_DIR}/${FRAMEWORKS_FOLDER_PATH}/leveldb.framework",
				"${TARGET_BUILD_DIR}/${FRAMEWORKS_FOLDER_PATH}/nanopb.framework",
			);
			runOnlyForDeploymentPostprocessing = 0;
			shellPath = /bin/sh;
			shellScript = "\"${SRCROOT}/Pods/Target Support Files/Pods-ScavengerHunt/Pods-ScavengerHunt-frameworks.sh\"\n";
			showEnvVarsInLog = 0;
		};
		DB5119A0B19E5D6DA0FA4EE5 /* [CP] Check Pods Manifest.lock */ = {
			isa = PBXShellScriptBuildPhase;
			buildActionMask = 2147483647;
			files = (
			);
			inputPaths = (
				"${PODS_PODFILE_DIR_PATH}/Podfile.lock",
				"${PODS_ROOT}/Manifest.lock",
			);
			name = "[CP] Check Pods Manifest.lock";
			outputPaths = (
				"$(DERIVED_FILE_DIR)/Pods-ScavengerHunt-checkManifestLockResult.txt",
			);
			runOnlyForDeploymentPostprocessing = 0;
			shellPath = /bin/sh;
			shellScript = "diff \"${PODS_PODFILE_DIR_PATH}/Podfile.lock\" \"${PODS_ROOT}/Manifest.lock\" > /dev/null\nif [ $? != 0 ] ; then\n    # print error to STDERR\n    echo \"error: The sandbox is not in sync with the Podfile.lock. Run 'pod install' or update your CocoaPods installation.\" >&2\n    exit 1\nfi\n# This output is used by Xcode 'outputs' to avoid re-running this script phase.\necho \"SUCCESS\" > \"${SCRIPT_OUTPUT_FILE_0}\"\n";
			showEnvVarsInLog = 0;
		};
		E8DC846B29ECDE5F9CAFF8BF /* [CP] Copy Pods Resources */ = {
			isa = PBXShellScriptBuildPhase;
			buildActionMask = 2147483647;
			files = (
			);
			inputPaths = (
			);
			name = "[CP] Copy Pods Resources";
			outputPaths = (
			);
			runOnlyForDeploymentPostprocessing = 0;
			shellPath = /bin/sh;
			shellScript = "\"${SRCROOT}/Pods/Target Support Files/Pods-ScavengerHunt/Pods-ScavengerHunt-resources.sh\"\n";
			showEnvVarsInLog = 0;
		};
/* End PBXShellScriptBuildPhase section */

/* Begin PBXSourcesBuildPhase section */
		2298D85F1EE08658007F1173 /* Sources */ = {
			isa = PBXSourcesBuildPhase;
			buildActionMask = 2147483647;
			files = (
				2253A48820788CDA008DE8FB /* FrontViewCell.swift in Sources */,
				223F97A820656E1200685F62 /* AppDelegate.swift in Sources */,
				2253A48920788CDA008DE8FB /* FrontViewController.swift in Sources */,
				2298D88D1EE0879F007F1173 /* Extensions.swift in Sources */,
				2253A48D20788F14008DE8FB /* UserInfo.swift in Sources */,
				220BEBFD2089F9E6000DB6CB /* Puzzle.swift in Sources */,
				223F97AA20656F6900685F62 /* SignupViewController.swift in Sources */,
				2246D9652095B3CC00059227 /* RewardVC.swift in Sources */,
				2298D8921EE0879F007F1173 /* MessageBox.swift in Sources */,
				2298D8911EE0879F007F1173 /* LoginVC.swift in Sources */,
				220BEBFB2089F832000DB6CB /* PlayVC.swift in Sources */,
				22C976A4209D7BAC001EE3F5 /* ScoreViewController.swift in Sources */,
			);
			runOnlyForDeploymentPostprocessing = 0;
		};
/* End PBXSourcesBuildPhase section */

/* Begin PBXVariantGroup section */
		2298D86A1EE08658007F1173 /* Main.storyboard */ = {
			isa = PBXVariantGroup;
			children = (
				2298D86B1EE08658007F1173 /* Base */,
			);
			name = Main.storyboard;
			sourceTree = "<group>";
		};
		2298D86F1EE08659007F1173 /* LaunchScreen.storyboard */ = {
			isa = PBXVariantGroup;
			children = (
				2298D8701EE08659007F1173 /* Base */,
			);
			name = LaunchScreen.storyboard;
			sourceTree = "<group>";
		};
/* End PBXVariantGroup section */

/* Begin XCBuildConfiguration section */
		2298D8731EE08659007F1173 /* Debug */ = {
			isa = XCBuildConfiguration;
			buildSettings = {
				ALWAYS_SEARCH_USER_PATHS = NO;
				CLANG_ANALYZER_NONNULL = YES;
				CLANG_ANALYZER_NUMBER_OBJECT_CONVERSION = YES_AGGRESSIVE;
				CLANG_CXX_LANGUAGE_STANDARD = "gnu++0x";
				CLANG_CXX_LIBRARY = "libc++";
				CLANG_ENABLE_MODULES = YES;
				CLANG_ENABLE_OBJC_ARC = YES;
				CLANG_WARN_BLOCK_CAPTURE_AUTORELEASING = YES;
				CLANG_WARN_BOOL_CONVERSION = YES;
				CLANG_WARN_COMMA = YES;
				CLANG_WARN_CONSTANT_CONVERSION = YES;
				CLANG_WARN_DEPRECATED_OBJC_IMPLEMENTATIONS = YES;
				CLANG_WARN_DIRECT_OBJC_ISA_USAGE = YES_ERROR;
				CLANG_WARN_DOCUMENTATION_COMMENTS = YES;
				CLANG_WARN_EMPTY_BODY = YES;
				CLANG_WARN_ENUM_CONVERSION = YES;
				CLANG_WARN_INFINITE_RECURSION = YES;
				CLANG_WARN_INT_CONVERSION = YES;
				CLANG_WARN_NON_LITERAL_NULL_CONVERSION = YES;
				CLANG_WARN_OBJC_IMPLICIT_RETAIN_SELF = YES;
				CLANG_WARN_OBJC_LITERAL_CONVERSION = YES;
				CLANG_WARN_OBJC_ROOT_CLASS = YES_ERROR;
				CLANG_WARN_RANGE_LOOP_ANALYSIS = YES;
				CLANG_WARN_STRICT_PROTOTYPES = YES;
				CLANG_WARN_SUSPICIOUS_MOVE = YES;
				CLANG_WARN_UNREACHABLE_CODE = YES;
				CLANG_WARN__DUPLICATE_METHOD_MATCH = YES;
				"CODE_SIGN_IDENTITY[sdk=iphoneos*]" = "iPhone Developer";
				COPY_PHASE_STRIP = NO;
				DEBUG_INFORMATION_FORMAT = dwarf;
				ENABLE_STRICT_OBJC_MSGSEND = YES;
				ENABLE_TESTABILITY = YES;
				GCC_C_LANGUAGE_STANDARD = gnu99;
				GCC_DYNAMIC_NO_PIC = NO;
				GCC_NO_COMMON_BLOCKS = YES;
				GCC_OPTIMIZATION_LEVEL = 0;
				GCC_PREPROCESSOR_DEFINITIONS = (
					"DEBUG=1",
					"$(inherited)",
				);
				GCC_WARN_64_TO_32_BIT_CONVERSION = YES;
				GCC_WARN_ABOUT_RETURN_TYPE = YES_ERROR;
				GCC_WARN_UNDECLARED_SELECTOR = YES;
				GCC_WARN_UNINITIALIZED_AUTOS = YES_AGGRESSIVE;
				GCC_WARN_UNUSED_FUNCTION = YES;
				GCC_WARN_UNUSED_VARIABLE = YES;
				IPHONEOS_DEPLOYMENT_TARGET = 10.3;
				MTL_ENABLE_DEBUG_INFO = YES;
				ONLY_ACTIVE_ARCH = YES;
				SDKROOT = iphoneos;
				SWIFT_ACTIVE_COMPILATION_CONDITIONS = DEBUG;
				SWIFT_OPTIMIZATION_LEVEL = "-Onone";
				TARGETED_DEVICE_FAMILY = "1,2";
			};
			name = Debug;
		};
		2298D8741EE08659007F1173 /* Release */ = {
			isa = XCBuildConfiguration;
			buildSettings = {
				ALWAYS_SEARCH_USER_PATHS = NO;
				CLANG_ANALYZER_NONNULL = YES;
				CLANG_ANALYZER_NUMBER_OBJECT_CONVERSION = YES_AGGRESSIVE;
				CLANG_CXX_LANGUAGE_STANDARD = "gnu++0x";
				CLANG_CXX_LIBRARY = "libc++";
				CLANG_ENABLE_MODULES = YES;
				CLANG_ENABLE_OBJC_ARC = YES;
				CLANG_WARN_BLOCK_CAPTURE_AUTORELEASING = YES;
				CLANG_WARN_BOOL_CONVERSION = YES;
				CLANG_WARN_COMMA = YES;
				CLANG_WARN_CONSTANT_CONVERSION = YES;
				CLANG_WARN_DEPRECATED_OBJC_IMPLEMENTATIONS = YES;
				CLANG_WARN_DIRECT_OBJC_ISA_USAGE = YES_ERROR;
				CLANG_WARN_DOCUMENTATION_COMMENTS = YES;
				CLANG_WARN_EMPTY_BODY = YES;
				CLANG_WARN_ENUM_CONVERSION = YES;
				CLANG_WARN_INFINITE_RECURSION = YES;
				CLANG_WARN_INT_CONVERSION = YES;
				CLANG_WARN_NON_LITERAL_NULL_CONVERSION = YES;
				CLANG_WARN_OBJC_IMPLICIT_RETAIN_SELF = YES;
				CLANG_WARN_OBJC_LITERAL_CONVERSION = YES;
				CLANG_WARN_OBJC_ROOT_CLASS = YES_ERROR;
				CLANG_WARN_RANGE_LOOP_ANALYSIS = YES;
				CLANG_WARN_STRICT_PROTOTYPES = YES;
				CLANG_WARN_SUSPICIOUS_MOVE = YES;
				CLANG_WARN_UNREACHABLE_CODE = YES;
				CLANG_WARN__DUPLICATE_METHOD_MATCH = YES;
				"CODE_SIGN_IDENTITY[sdk=iphoneos*]" = "iPhone Developer";
				COPY_PHASE_STRIP = NO;
				DEBUG_INFORMATION_FORMAT = "dwarf-with-dsym";
				ENABLE_NS_ASSERTIONS = NO;
				ENABLE_STRICT_OBJC_MSGSEND = YES;
				GCC_C_LANGUAGE_STANDARD = gnu99;
				GCC_NO_COMMON_BLOCKS = YES;
				GCC_WARN_64_TO_32_BIT_CONVERSION = YES;
				GCC_WARN_ABOUT_RETURN_TYPE = YES_ERROR;
				GCC_WARN_UNDECLARED_SELECTOR = YES;
				GCC_WARN_UNINITIALIZED_AUTOS = YES_AGGRESSIVE;
				GCC_WARN_UNUSED_FUNCTION = YES;
				GCC_WARN_UNUSED_VARIABLE = YES;
				IPHONEOS_DEPLOYMENT_TARGET = 10.3;
				MTL_ENABLE_DEBUG_INFO = NO;
				SDKROOT = iphoneos;
				SWIFT_OPTIMIZATION_LEVEL = "-Owholemodule";
				TARGETED_DEVICE_FAMILY = "1,2";
				VALIDATE_PRODUCT = YES;
			};
			name = Release;
		};
		2298D8761EE08659007F1173 /* Debug */ = {
			isa = XCBuildConfiguration;
			baseConfigurationReference = 521B734DD218DE773C9CB3B9 /* Pods-ScavengerHunt.debug.xcconfig */;
			buildSettings = {
				ASSETCATALOG_COMPILER_APPICON_NAME = AppIcon;
				CLANG_ENABLE_MODULES = YES;
				DEVELOPMENT_TEAM = UD8YNH949X;
				INFOPLIST_FILE = ScavengerHunt/Info.plist;
				LD_RUNPATH_SEARCH_PATHS = "$(inherited) @executable_path/Frameworks";
				PRODUCT_BUNDLE_IDENTIFIER = com.scav.scav;
				PRODUCT_NAME = "$(TARGET_NAME)";
				SWIFT_OBJC_BRIDGING_HEADER = "";
				SWIFT_OPTIMIZATION_LEVEL = "-Onone";
				SWIFT_SWIFT3_OBJC_INFERENCE = On;
				SWIFT_VERSION = 4.0;
			};
			name = Debug;
		};
		2298D8771EE08659007F1173 /* Release */ = {
			isa = XCBuildConfiguration;
			baseConfigurationReference = BE0FAC6F15244AA7B0E34FF7 /* Pods-ScavengerHunt.release.xcconfig */;
			buildSettings = {
				ASSETCATALOG_COMPILER_APPICON_NAME = AppIcon;
				CLANG_ENABLE_MODULES = YES;
				DEVELOPMENT_TEAM = UD8YNH949X;
				INFOPLIST_FILE = ScavengerHunt/Info.plist;
				LD_RUNPATH_SEARCH_PATHS = "$(inherited) @executable_path/Frameworks";
				PRODUCT_BUNDLE_IDENTIFIER = com.scav.scav;
				PRODUCT_NAME = "$(TARGET_NAME)";
				SWIFT_OBJC_BRIDGING_HEADER = "";
				SWIFT_SWIFT3_OBJC_INFERENCE = On;
				SWIFT_VERSION = 4.0;
			};
			name = Release;
		};
/* End XCBuildConfiguration section */

/* Begin XCConfigurationList section */
		2298D85E1EE08658007F1173 /* Build configuration list for PBXProject "ScavengerHunt" */ = {
			isa = XCConfigurationList;
			buildConfigurations = (
				2298D8731EE08659007F1173 /* Debug */,
				2298D8741EE08659007F1173 /* Release */,
			);
			defaultConfigurationIsVisible = 0;
			defaultConfigurationName = Release;
		};
		2298D8751EE08659007F1173 /* Build configuration list for PBXNativeTarget "ScavengerHunt" */ = {
			isa = XCConfigurationList;
			buildConfigurations = (
				2298D8761EE08659007F1173 /* Debug */,
				2298D8771EE08659007F1173 /* Release */,
			);
			defaultConfigurationIsVisible = 0;
			defaultConfigurationName = Release;
		};
/* End XCConfigurationList section */
	};
	rootObject = 2298D85B1EE08658007F1173 /* Project object */;
}
